
Microsoft Visual Studio Solution File, Format Version 12.00
# Visual Studio 2012
Project("{FAE04EC0-301F-11D3-BF4B-00C04F79EFBC}") = "MechanismDocMailMerge", "MechanismDocMailMerge\MechanismDocMailMerge.csproj", "{D0FC1F29-C010-456E-B11D-F7C2A3B05FCB}"
EndProject
Project("{2150E333-8FDC-42A3-9474-1A3956D46DE8}") = "ShareDlls", "ShareDlls", "{B6B3BE8A-F2F7-4F4F-9E3D-58FCF1323D15}"
	ProjectSection(SolutionItems) = preProject
		ShareDlls\DocumentFormat.OpenXml.dll = ShareDlls\DocumentFormat.OpenXml.dll
	EndProjectSection
EndProject
Project("{FAE04EC0-301F-11D3-BF4B-00C04F79EFBC}") = "UT", "UT\UT.csproj", "{82F5CA21-A763-422D-81EF-1A23843FC88C}"
EndProject
Project("{2150E333-8FDC-42A3-9474-1A3956D46DE8}") = "TemplatesWords", "TemplatesWords", "{CE2213BB-A2C7-4E7C-9DB7-166218F28750}"
	ProjectSection(SolutionItems) = preProject
		TemplatesWords\CrmSecureRibbon.dotm = TemplatesWords\CrmSecureRibbon.dotm
		TemplatesWords\name.docx = TemplatesWords\name.docx
		TemplatesWords\name.xml = TemplatesWords\name.xml
		TemplatesWords\output.docx = TemplatesWords\output.docx
		TemplatesWords\r.udl = TemplatesWords\r.udl
		TemplatesWords\testButtons.docm = TemplatesWords\testButtons.docm
	EndProjectSection
EndProject
Project("{2150E333-8FDC-42A3-9474-1A3956D46DE8}") = "2.5", "2.5", "{02DFE1F0-B27F-4F1B-A3E5-E0ED7D1B49E6}"
	ProjectSection(SolutionItems) = preProject
		ShareDlls\2.5\DocumentFormat.OpenXml.dll = ShareDlls\2.5\DocumentFormat.OpenXml.dll
		ShareDlls\2.5\DocumentFormat.OpenXml.xml = ShareDlls\2.5\DocumentFormat.OpenXml.xml
	EndProjectSection
EndProject
Project("{FAE04EC0-301F-11D3-BF4B-00C04F79EFBC}") = "WcfService", "server\WcfService\WcfService.csproj", "{A2DCB511-1CA1-425E-A11C-AB9DA3F55B95}"
EndProject
Project("{FAE04EC0-301F-11D3-BF4B-00C04F79EFBC}") = "WcfServiceMailMergeLibrary", "server\WcfServiceMailMergeLibrary\WcfServiceMailMergeLibrary.csproj", "{15B3E0D2-6217-493A-A690-158C497F5318}"
EndProject
Project("{2150E333-8FDC-42A3-9474-1A3956D46DE8}") = "UI", "UI", "{539A0F84-7748-425D-B207-D539A5CAF9FF}"
EndProject
Project("{FAE04EC0-301F-11D3-BF4B-00C04F79EFBC}") = "WinTestMerge", "UI\WinTestMerge\WinTestMerge.csproj", "{42341732-2501-404C-AA62-F10332B77EC8}"
EndProject
Global
	GlobalSection(SolutionConfigurationPlatforms) = preSolution
		Debug|Any CPU = Debug|Any CPU
		Release|Any CPU = Release|Any CPU
	EndGlobalSection
	GlobalSection(ProjectConfigurationPlatforms) = postSolution
		{D0FC1F29-C010-456E-B11D-F7C2A3B05FCB}.Debug|Any CPU.ActiveCfg = Debug|Any CPU
		{D0FC1F29-C010-456E-B11D-F7C2A3B05FCB}.Debug|Any CPU.Build.0 = Debug|Any CPU
		{D0FC1F29-C010-456E-B11D-F7C2A3B05FCB}.Release|Any CPU.ActiveCfg = Release|Any CPU
		{D0FC1F29-C010-456E-B11D-F7C2A3B05FCB}.Release|Any CPU.Build.0 = Release|Any CPU
		{82F5CA21-A763-422D-81EF-1A23843FC88C}.Debug|Any CPU.ActiveCfg = Debug|Any CPU
		{82F5CA21-A763-422D-81EF-1A23843FC88C}.Debug|Any CPU.Build.0 = Debug|Any CPU
		{82F5CA21-A763-422D-81EF-1A23843FC88C}.Release|Any CPU.ActiveCfg = Release|Any CPU
		{82F5CA21-A763-422D-81EF-1A23843FC88C}.Release|Any CPU.Build.0 = Release|Any CPU
		{A2DCB511-1CA1-425E-A11C-AB9DA3F55B95}.Debug|Any CPU.ActiveCfg = Debug|Any CPU
		{A2DCB511-1CA1-425E-A11C-AB9DA3F55B95}.Debug|Any CPU.Build.0 = Debug|Any CPU
		{A2DCB511-1CA1-425E-A11C-AB9DA3F55B95}.Release|Any CPU.ActiveCfg = Release|Any CPU
		{A2DCB511-1CA1-425E-A11C-AB9DA3F55B95}.Release|Any CPU.Build.0 = Release|Any CPU
		{15B3E0D2-6217-493A-A690-158C497F5318}.Debug|Any CPU.ActiveCfg = Debug|Any CPU
		{15B3E0D2-6217-493A-A690-158C497F5318}.Debug|Any CPU.Build.0 = Debug|Any CPU
		{15B3E0D2-6217-493A-A690-158C497F5318}.Release|Any CPU.ActiveCfg = Release|Any CPU
		{15B3E0D2-6217-493A-A690-158C497F5318}.Release|Any CPU.Build.0 = Release|Any CPU
		{42341732-2501-404C-AA62-F10332B77EC8}.Debug|Any CPU.ActiveCfg = Debug|Any CPU
		{42341732-2501-404C-AA62-F10332B77EC8}.Debug|Any CPU.Build.0 = Debug|Any CPU
		{42341732-2501-404C-AA62-F10332B77EC8}.Release|Any CPU.ActiveCfg = Release|Any CPU
		{42341732-2501-404C-AA62-F10332B77EC8}.Release|Any CPU.Build.0 = Release|Any CPU
	EndGlobalSection
	GlobalSection(SolutionProperties) = preSolution
		HideSolutionNode = FALSE
	EndGlobalSection
	GlobalSection(NestedProjects) = preSolution
		{02DFE1F0-B27F-4F1B-A3E5-E0ED7D1B49E6} = {B6B3BE8A-F2F7-4F4F-9E3D-58FCF1323D15}
		{42341732-2501-404C-AA62-F10332B77EC8} = {539A0F84-7748-425D-B207-D539A5CAF9FF}
	EndGlobalSection
EndGlobal
